// !$*UTF8*$!
{
	archiveVersion = 1;
	classes = {
	};
	objectVersion = 50;
	objects = {

/* Begin PBXBuildFile section */
		49228BE724B542B900CBB1C5 /* AppDelegate.swift in Sources */ = {isa = PBXBuildFile; fileRef = 49228BE624B542B900CBB1C5 /* AppDelegate.swift */; };
		49228BE924B542B900CBB1C5 /* GameScene.sks in Resources */ = {isa = PBXBuildFile; fileRef = 49228BE824B542B900CBB1C5 /* GameScene.sks */; };
		49228BEB24B542B900CBB1C5 /* Actions.sks in Resources */ = {isa = PBXBuildFile; fileRef = 49228BEA24B542B900CBB1C5 /* Actions.sks */; };
		49228BED24B542B900CBB1C5 /* GameScene.swift in Sources */ = {isa = PBXBuildFile; fileRef = 49228BEC24B542B900CBB1C5 /* GameScene.swift */; };
		49228BEF24B542B900CBB1C5 /* GameViewController.swift in Sources */ = {isa = PBXBuildFile; fileRef = 49228BEE24B542B900CBB1C5 /* GameViewController.swift */; };
		49228BF224B542B900CBB1C5 /* Main.storyboard in Resources */ = {isa = PBXBuildFile; fileRef = 49228BF024B542B900CBB1C5 /* Main.storyboard */; };
		49228BF424B542BB00CBB1C5 /* Assets.xcassets in Resources */ = {isa = PBXBuildFile; fileRef = 49228BF324B542BB00CBB1C5 /* Assets.xcassets */; };
		49228BF724B542BB00CBB1C5 /* LaunchScreen.storyboard in Resources */ = {isa = PBXBuildFile; fileRef = 49228BF524B542BB00CBB1C5 /* LaunchScreen.storyboard */; };
		49228BFF24B546BE00CBB1C5 /* Nokman.swift in Sources */ = {isa = PBXBuildFile; fileRef = 49228BFE24B546BE00CBB1C5 /* Nokman.swift */; };
		B199A52F24C4012C00C8F468 /* Heart.swift in Sources */ = {isa = PBXBuildFile; fileRef = B199A52E24C4012C00C8F468 /* Heart.swift */; };
		B199A53124C418E700C8F468 /* HUD.swift in Sources */ = {isa = PBXBuildFile; fileRef = B199A53024C418E700C8F468 /* HUD.swift */; };
		B1A15A4324CD6335000DBF9F /* signExit.swift in Sources */ = {isa = PBXBuildFile; fileRef = B1A15A4224CD6335000DBF9F /* signExit.swift */; };
		B1A15A4524CD6388000DBF9F /* EncounterF.sks in Resources */ = {isa = PBXBuildFile; fileRef = B1A15A4424CD6388000DBF9F /* EncounterF.sks */; };
		B1A15A4724CD85A4000DBF9F /* GrassHillLeft.swift in Sources */ = {isa = PBXBuildFile; fileRef = B1A15A4624CD85A4000DBF9F /* GrassHillLeft.swift */; };
		B1A15A4924CD8DCE000DBF9F /* EncounterG.sks in Resources */ = {isa = PBXBuildFile; fileRef = B1A15A4824CD8DCE000DBF9F /* EncounterG.sks */; };
		B1A15A4B24CD8E60000DBF9F /* GrassHillRight.swift in Sources */ = {isa = PBXBuildFile; fileRef = B1A15A4A24CD8E60000DBF9F /* GrassHillRight.swift */; };
		B1AA702724BC6BA100272ECA /* Background.swift in Sources */ = {isa = PBXBuildFile; fileRef = B1AA702624BC6BA100272ECA /* Background.swift */; };
		B1AA702924BDA28100272ECA /* Shot.swift in Sources */ = {isa = PBXBuildFile; fileRef = B1AA702824BDA28100272ECA /* Shot.swift */; };
		B1AA702B24BEEA1C00272ECA /* Frog.swift in Sources */ = {isa = PBXBuildFile; fileRef = B1AA702A24BEEA1C00272ECA /* Frog.swift */; };
		B1AA703124BF2EE300272ECA /* Fly.swift in Sources */ = {isa = PBXBuildFile; fileRef = B1AA703024BF2EE300272ECA /* Fly.swift */; };
		B1AA703624BF329200272ECA /* EncounterManager.swift in Sources */ = {isa = PBXBuildFile; fileRef = B1AA703524BF329200272ECA /* EncounterManager.swift */; };
		B1AA703B24C0032C00272ECA /* EncounterB.sks in Resources */ = {isa = PBXBuildFile; fileRef = B1AA703A24C0032C00272ECA /* EncounterB.sks */; };
		B1AA703D24C0045300272ECA /* Box.swift in Sources */ = {isa = PBXBuildFile; fileRef = B1AA703C24C0045300272ECA /* Box.swift */; };
		B1AA703F24C0760E00272ECA /* Settings.swift in Sources */ = {isa = PBXBuildFile; fileRef = B1AA703E24C0760E00272ECA /* Settings.swift */; };
		B1AA704124C1154E00272ECA /* EncounterA.sks in Resources */ = {isa = PBXBuildFile; fileRef = B1AA704024C1154E00272ECA /* EncounterA.sks */; };
		B1AA704524C138A900272ECA /* EncounterC.sks in Resources */ = {isa = PBXBuildFile; fileRef = B1AA704424C138A900272ECA /* EncounterC.sks */; };
		B1AA709324C2EAB200272ECA /* Ground.swift in Sources */ = {isa = PBXBuildFile; fileRef = B1AA709224C2EAB200272ECA /* Ground.swift */; };
		B1CD2C9F24C8B18100065E67 /* Grass.swift in Sources */ = {isa = PBXBuildFile; fileRef = B1CD2C9E24C8B18100065E67 /* Grass.swift */; };
		B1CD2CA124C8C5C700065E67 /* Spike.swift in Sources */ = {isa = PBXBuildFile; fileRef = B1CD2CA024C8C5C700065E67 /* Spike.swift */; };
		B1E0B7C124C9620C0017E198 /* EncounterD.sks in Resources */ = {isa = PBXBuildFile; fileRef = B1E0B7C024C9620C0017E198 /* EncounterD.sks */; };
		B1E0B7C524C998440017E198 /* EncounterE.sks in Resources */ = {isa = PBXBuildFile; fileRef = B1E0B7C424C998440017E198 /* EncounterE.sks */; };
		B1E0B7C724C9A0CF0017E198 /* HeartExplosion.sks in Resources */ = {isa = PBXBuildFile; fileRef = B1E0B7C624C9A0CF0017E198 /* HeartExplosion.sks */; };
		B1E0B7C924C9A80A0017E198 /* BoxItem.swift in Sources */ = {isa = PBXBuildFile; fileRef = B1E0B7C824C9A80A0017E198 /* BoxItem.swift */; };
		B1ED3EAC24C7C3BA00F718F7 /* Enemy.swift in Sources */ = {isa = PBXBuildFile; fileRef = B1ED3EAB24C7C3BA00F718F7 /* Enemy.swift */; };
		B1ED3EAF24C838A500F718F7 /* CrateExplosion.sks in Resources */ = {isa = PBXBuildFile; fileRef = B1ED3EAD24C838A500F718F7 /* CrateExplosion.sks */; };
		B1ED3EB024C838A500F718F7 /* Assets.xcassets in Resources */ = {isa = PBXBuildFile; fileRef = B1ED3EAE24C838A500F718F7 /* Assets.xcassets */; };
/* End PBXBuildFile section */

/* Begin PBXFileReference section */
		49228BE324B542B900CBB1C5 /* Nokkuman.app */ = {isa = PBXFileReference; explicitFileType = wrapper.application; includeInIndex = 0; path = Nokkuman.app; sourceTree = BUILT_PRODUCTS_DIR; };
		49228BE624B542B900CBB1C5 /* AppDelegate.swift */ = {isa = PBXFileReference; lastKnownFileType = sourcecode.swift; path = AppDelegate.swift; sourceTree = "<group>"; };
		49228BE824B542B900CBB1C5 /* GameScene.sks */ = {isa = PBXFileReference; lastKnownFileType = file.sks; path = GameScene.sks; sourceTree = "<group>"; };
		49228BEA24B542B900CBB1C5 /* Actions.sks */ = {isa = PBXFileReference; lastKnownFileType = file.sks; path = Actions.sks; sourceTree = "<group>"; };
		49228BEC24B542B900CBB1C5 /* GameScene.swift */ = {isa = PBXFileReference; lastKnownFileType = sourcecode.swift; path = GameScene.swift; sourceTree = "<group>"; };
		49228BEE24B542B900CBB1C5 /* GameViewController.swift */ = {isa = PBXFileReference; lastKnownFileType = sourcecode.swift; path = GameViewController.swift; sourceTree = "<group>"; };
		49228BF124B542B900CBB1C5 /* Base */ = {isa = PBXFileReference; lastKnownFileType = file.storyboard; name = Base; path = Base.lproj/Main.storyboard; sourceTree = "<group>"; };
		49228BF324B542BB00CBB1C5 /* Assets.xcassets */ = {isa = PBXFileReference; lastKnownFileType = folder.assetcatalog; path = Assets.xcassets; sourceTree = "<group>"; };
		49228BF624B542BB00CBB1C5 /* Base */ = {isa = PBXFileReference; lastKnownFileType = file.storyboard; name = Base; path = Base.lproj/LaunchScreen.storyboard; sourceTree = "<group>"; };
		49228BF824B542BB00CBB1C5 /* Info.plist */ = {isa = PBXFileReference; lastKnownFileType = text.plist.xml; path = Info.plist; sourceTree = "<group>"; };
		49228BFE24B546BE00CBB1C5 /* Nokman.swift */ = {isa = PBXFileReference; lastKnownFileType = sourcecode.swift; path = Nokman.swift; sourceTree = "<group>"; };
		B199A52E24C4012C00C8F468 /* Heart.swift */ = {isa = PBXFileReference; lastKnownFileType = sourcecode.swift; path = Heart.swift; sourceTree = "<group>"; };
		B199A53024C418E700C8F468 /* HUD.swift */ = {isa = PBXFileReference; lastKnownFileType = sourcecode.swift; path = HUD.swift; sourceTree = "<group>"; };
		B1A15A4224CD6335000DBF9F /* signExit.swift */ = {isa = PBXFileReference; lastKnownFileType = sourcecode.swift; path = signExit.swift; sourceTree = "<group>"; };
		B1A15A4424CD6388000DBF9F /* EncounterF.sks */ = {isa = PBXFileReference; lastKnownFileType = file.sks; path = EncounterF.sks; sourceTree = "<group>"; };
		B1A15A4624CD85A4000DBF9F /* GrassHillLeft.swift */ = {isa = PBXFileReference; lastKnownFileType = sourcecode.swift; path = GrassHillLeft.swift; sourceTree = "<group>"; };
		B1A15A4824CD8DCE000DBF9F /* EncounterG.sks */ = {isa = PBXFileReference; lastKnownFileType = file.sks; path = EncounterG.sks; sourceTree = "<group>"; };
		B1A15A4A24CD8E60000DBF9F /* GrassHillRight.swift */ = {isa = PBXFileReference; lastKnownFileType = sourcecode.swift; path = GrassHillRight.swift; sourceTree = "<group>"; };
		B1AA702624BC6BA100272ECA /* Background.swift */ = {isa = PBXFileReference; lastKnownFileType = sourcecode.swift; path = Background.swift; sourceTree = "<group>"; };
		B1AA702824BDA28100272ECA /* Shot.swift */ = {isa = PBXFileReference; lastKnownFileType = sourcecode.swift; path = Shot.swift; sourceTree = "<group>"; };
		B1AA702A24BEEA1C00272ECA /* Frog.swift */ = {isa = PBXFileReference; lastKnownFileType = sourcecode.swift; path = Frog.swift; sourceTree = "<group>"; };
		B1AA703024BF2EE300272ECA /* Fly.swift */ = {isa = PBXFileReference; lastKnownFileType = sourcecode.swift; path = Fly.swift; sourceTree = "<group>"; };
		B1AA703524BF329200272ECA /* EncounterManager.swift */ = {isa = PBXFileReference; lastKnownFileType = sourcecode.swift; path = EncounterManager.swift; sourceTree = "<group>"; };
		B1AA703A24C0032C00272ECA /* EncounterB.sks */ = {isa = PBXFileReference; lastKnownFileType = file.sks; path = EncounterB.sks; sourceTree = "<group>"; };
		B1AA703C24C0045300272ECA /* Box.swift */ = {isa = PBXFileReference; lastKnownFileType = sourcecode.swift; path = Box.swift; sourceTree = "<group>"; };
		B1AA703E24C0760E00272ECA /* Settings.swift */ = {isa = PBXFileReference; lastKnownFileType = sourcecode.swift; path = Settings.swift; sourceTree = "<group>"; };
		B1AA704024C1154E00272ECA /* EncounterA.sks */ = {isa = PBXFileReference; lastKnownFileType = file.sks; path = EncounterA.sks; sourceTree = "<group>"; };
		B1AA704424C138A900272ECA /* EncounterC.sks */ = {isa = PBXFileReference; lastKnownFileType = file.sks; path = EncounterC.sks; sourceTree = "<group>"; };
		B1AA709224C2EAB200272ECA /* Ground.swift */ = {isa = PBXFileReference; lastKnownFileType = sourcecode.swift; path = Ground.swift; sourceTree = "<group>"; };
		B1CD2C9E24C8B18100065E67 /* Grass.swift */ = {isa = PBXFileReference; lastKnownFileType = sourcecode.swift; path = Grass.swift; sourceTree = "<group>"; };
		B1CD2CA024C8C5C700065E67 /* Spike.swift */ = {isa = PBXFileReference; lastKnownFileType = sourcecode.swift; path = Spike.swift; sourceTree = "<group>"; };
		B1E0B7C024C9620C0017E198 /* EncounterD.sks */ = {isa = PBXFileReference; lastKnownFileType = file.sks; path = EncounterD.sks; sourceTree = "<group>"; };
		B1E0B7C424C998440017E198 /* EncounterE.sks */ = {isa = PBXFileReference; lastKnownFileType = file.sks; path = EncounterE.sks; sourceTree = "<group>"; };
		B1E0B7C624C9A0CF0017E198 /* HeartExplosion.sks */ = {isa = PBXFileReference; lastKnownFileType = file.sks; path = HeartExplosion.sks; sourceTree = "<group>"; };
		B1E0B7C824C9A80A0017E198 /* BoxItem.swift */ = {isa = PBXFileReference; lastKnownFileType = sourcecode.swift; path = BoxItem.swift; sourceTree = "<group>"; };
		B1ED3EAB24C7C3BA00F718F7 /* Enemy.swift */ = {isa = PBXFileReference; lastKnownFileType = sourcecode.swift; path = Enemy.swift; sourceTree = "<group>"; };
		B1ED3EAD24C838A500F718F7 /* CrateExplosion.sks */ = {isa = PBXFileReference; lastKnownFileType = file.sks; path = CrateExplosion.sks; sourceTree = "<group>"; };
		B1ED3EAE24C838A500F718F7 /* Assets.xcassets */ = {isa = PBXFileReference; lastKnownFileType = folder.assetcatalog; path = Assets.xcassets; sourceTree = "<group>"; };
/* End PBXFileReference section */

/* Begin PBXFrameworksBuildPhase section */
		49228BE024B542B900CBB1C5 /* Frameworks */ = {
			isa = PBXFrameworksBuildPhase;
			buildActionMask = 2147483647;
			files = (
			);
			runOnlyForDeploymentPostprocessing = 0;
		};
/* End PBXFrameworksBuildPhase section */

/* Begin PBXGroup section */
		49228BDA24B542B900CBB1C5 = {
			isa = PBXGroup;
			children = (
				49228BE524B542B900CBB1C5 /* Nokkuman */,
				49228BE424B542B900CBB1C5 /* Products */,
			);
			sourceTree = "<group>";
		};
		49228BE424B542B900CBB1C5 /* Products */ = {
			isa = PBXGroup;
			children = (
				49228BE324B542B900CBB1C5 /* Nokkuman.app */,
			);
			name = Products;
			sourceTree = "<group>";
		};
		49228BE524B542B900CBB1C5 /* Nokkuman */ = {
			isa = PBXGroup;
			children = (
				B1EC2E5724CD922B008C6557 /* Item */,
				B1EC2E5624CD91D8008C6557 /* HUD */,
				B1AA703924BFD78500272ECA /* Scene */,
				B1AA703824BFD6CD00272ECA /* Enemy */,
				B1AA703724BFD6A000272ECA /* Player */,
				B1AA703424BF327500272ECA /* Encounter */,
				49228BE624B542B900CBB1C5 /* AppDelegate.swift */,
				49228BE824B542B900CBB1C5 /* GameScene.sks */,
				49228BEA24B542B900CBB1C5 /* Actions.sks */,
				49228BEE24B542B900CBB1C5 /* GameViewController.swift */,
				49228BF024B542B900CBB1C5 /* Main.storyboard */,
				49228BF324B542BB00CBB1C5 /* Assets.xcassets */,
				49228BF524B542BB00CBB1C5 /* LaunchScreen.storyboard */,
				49228BF824B542BB00CBB1C5 /* Info.plist */,
			);
			path = Nokkuman;
			sourceTree = "<group>";
		};
		B1AA703424BF327500272ECA /* Encounter */ = {
			isa = PBXGroup;
			children = (
				B1AA704024C1154E00272ECA /* EncounterA.sks */,
				B1AA703A24C0032C00272ECA /* EncounterB.sks */,
				B1AA704424C138A900272ECA /* EncounterC.sks */,
				B1E0B7C024C9620C0017E198 /* EncounterD.sks */,
				B1E0B7C424C998440017E198 /* EncounterE.sks */,
				B1A15A4424CD6388000DBF9F /* EncounterF.sks */,
				B1A15A4824CD8DCE000DBF9F /* EncounterG.sks */,
				B1AA703524BF329200272ECA /* EncounterManager.swift */,
			);
			path = Encounter;
			sourceTree = "<group>";
		};
		B1AA703724BFD6A000272ECA /* Player */ = {
			isa = PBXGroup;
			children = (
				B1AA702824BDA28100272ECA /* Shot.swift */,
				49228BFE24B546BE00CBB1C5 /* Nokman.swift */,
			);
			path = Player;
			sourceTree = "<group>";
		};
		B1AA703824BFD6CD00272ECA /* Enemy */ = {
			isa = PBXGroup;
			children = (
				B1AA702A24BEEA1C00272ECA /* Frog.swift */,
				B1AA703024BF2EE300272ECA /* Fly.swift */,
				B1ED3EAB24C7C3BA00F718F7 /* Enemy.swift */,
			);
			path = Enemy;
			sourceTree = "<group>";
		};
		B1AA703924BFD78500272ECA /* Scene */ = {
			isa = PBXGroup;
			children = (
				B1ED3EAE24C838A500F718F7 /* Assets.xcassets */,
				B1AA702624BC6BA100272ECA /* Background.swift */,
				49228BEC24B542B900CBB1C5 /* GameScene.swift */,
				B1AA709224C2EAB200272ECA /* Ground.swift */,
				B1AA703E24C0760E00272ECA /* Settings.swift */,
			);
			path = Scene;
			sourceTree = "<group>";
		};
		B1EC2E5624CD91D8008C6557 /* HUD */ = {
			isa = PBXGroup;
			children = (
				B199A53024C418E700C8F468 /* HUD.swift */,
			);
			path = HUD;
			sourceTree = "<group>";
		};
		B1EC2E5724CD922B008C6557 /* Item */ = {
			isa = PBXGroup;
			children = (
				B1E0B7C824C9A80A0017E198 /* BoxItem.swift */,
				B1CD2CA024C8C5C700065E67 /* Spike.swift */,
				B1A15A4224CD6335000DBF9F /* signExit.swift */,
				B199A52E24C4012C00C8F468 /* Heart.swift */,
				B1A15A4624CD85A4000DBF9F /* GrassHillLeft.swift */,
				B1E0B7C624C9A0CF0017E198 /* HeartExplosion.sks */,
				B1ED3EAD24C838A500F718F7 /* CrateExplosion.sks */,
				B1A15A4A24CD8E60000DBF9F /* GrassHillRight.swift */,
				B1CD2C9E24C8B18100065E67 /* Grass.swift */,
				B1AA703C24C0045300272ECA /* Box.swift */,
			);
			path = Item;
			sourceTree = "<group>";
		};
/* End PBXGroup section */

/* Begin PBXNativeTarget section */
		49228BE224B542B900CBB1C5 /* Nokkuman */ = {
			isa = PBXNativeTarget;
			buildConfigurationList = 49228BFB24B542BB00CBB1C5 /* Build configuration list for PBXNativeTarget "Nokkuman" */;
			buildPhases = (
				49228BDF24B542B900CBB1C5 /* Sources */,
				49228BE024B542B900CBB1C5 /* Frameworks */,
				49228BE124B542B900CBB1C5 /* Resources */,
			);
			buildRules = (
			);
			dependencies = (
			);
			name = Nokkuman;
			productName = Nokkuman;
			productReference = 49228BE324B542B900CBB1C5 /* Nokkuman.app */;
			productType = "com.apple.product-type.application";
		};
/* End PBXNativeTarget section */

/* Begin PBXProject section */
		49228BDB24B542B900CBB1C5 /* Project object */ = {
			isa = PBXProject;
			attributes = {
				LastSwiftUpdateCheck = 1150;
				LastUpgradeCheck = 1150;
				ORGANIZATIONNAME = "Harunobu Agematsu";
				TargetAttributes = {
					49228BE224B542B900CBB1C5 = {
						CreatedOnToolsVersion = 11.5;
					};
				};
			};
			buildConfigurationList = 49228BDE24B542B900CBB1C5 /* Build configuration list for PBXProject "Nokkuman" */;
			compatibilityVersion = "Xcode 9.3";
			developmentRegion = en;
			hasScannedForEncodings = 0;
			knownRegions = (
				en,
				Base,
			);
			mainGroup = 49228BDA24B542B900CBB1C5;
			productRefGroup = 49228BE424B542B900CBB1C5 /* Products */;
			projectDirPath = "";
			projectRoot = "";
			targets = (
				49228BE224B542B900CBB1C5 /* Nokkuman */,
			);
		};
/* End PBXProject section */

/* Begin PBXResourcesBuildPhase section */
		49228BE124B542B900CBB1C5 /* Resources */ = {
			isa = PBXResourcesBuildPhase;
			buildActionMask = 2147483647;
			files = (
				B1E0B7C124C9620C0017E198 /* EncounterD.sks in Resources */,
				B1AA703B24C0032C00272ECA /* EncounterB.sks in Resources */,
				49228BF224B542B900CBB1C5 /* Main.storyboard in Resources */,
				B1E0B7C724C9A0CF0017E198 /* HeartExplosion.sks in Resources */,
				49228BE924B542B900CBB1C5 /* GameScene.sks in Resources */,
				B1AA704524C138A900272ECA /* EncounterC.sks in Resources */,
				B1A15A4924CD8DCE000DBF9F /* EncounterG.sks in Resources */,
				B1E0B7C524C998440017E198 /* EncounterE.sks in Resources */,
				B1ED3EB024C838A500F718F7 /* Assets.xcassets in Resources */,
				49228BF424B542BB00CBB1C5 /* Assets.xcassets in Resources */,
				B1AA704124C1154E00272ECA /* EncounterA.sks in Resources */,
				49228BF724B542BB00CBB1C5 /* LaunchScreen.storyboard in Resources */,
				B1ED3EAF24C838A500F718F7 /* CrateExplosion.sks in Resources */,
				B1A15A4524CD6388000DBF9F /* EncounterF.sks in Resources */,
				49228BEB24B542B900CBB1C5 /* Actions.sks in Resources */,
			);
			runOnlyForDeploymentPostprocessing = 0;
		};
/* End PBXResourcesBuildPhase section */

/* Begin PBXSourcesBuildPhase section */
		49228BDF24B542B900CBB1C5 /* Sources */ = {
			isa = PBXSourcesBuildPhase;
			buildActionMask = 2147483647;
			files = (
				B1A15A4724CD85A4000DBF9F /* GrassHillLeft.swift in Sources */,
				B1E0B7C924C9A80A0017E198 /* BoxItem.swift in Sources */,
				49228BED24B542B900CBB1C5 /* GameScene.swift in Sources */,
				B1AA702724BC6BA100272ECA /* Background.swift in Sources */,
				B1AA709324C2EAB200272ECA /* Ground.swift in Sources */,
				B1ED3EAC24C7C3BA00F718F7 /* Enemy.swift in Sources */,
				49228BFF24B546BE00CBB1C5 /* Nokman.swift in Sources */,
				B1A15A4B24CD8E60000DBF9F /* GrassHillRight.swift in Sources */,
				B1AA702924BDA28100272ECA /* Shot.swift in Sources */,
				B1CD2C9F24C8B18100065E67 /* Grass.swift in Sources */,
				B199A53124C418E700C8F468 /* HUD.swift in Sources */,
				B1A15A4324CD6335000DBF9F /* signExit.swift in Sources */,
				B1AA702B24BEEA1C00272ECA /* Frog.swift in Sources */,
				B1AA703D24C0045300272ECA /* Box.swift in Sources */,
				B1AA703F24C0760E00272ECA /* Settings.swift in Sources */,
				B1CD2CA124C8C5C700065E67 /* Spike.swift in Sources */,
				49228BEF24B542B900CBB1C5 /* GameViewController.swift in Sources */,
				49228BE724B542B900CBB1C5 /* AppDelegate.swift in Sources */,
				B199A52F24C4012C00C8F468 /* Heart.swift in Sources */,
				B1AA703124BF2EE300272ECA /* Fly.swift in Sources */,
				B1AA703624BF329200272ECA /* EncounterManager.swift in Sources */,
			);
			runOnlyForDeploymentPostprocessing = 0;
		};
/* End PBXSourcesBuildPhase section */

/* Begin PBXVariantGroup section */
		49228BF024B542B900CBB1C5 /* Main.storyboard */ = {
			isa = PBXVariantGroup;
			children = (
				49228BF124B542B900CBB1C5 /* Base */,
			);
			name = Main.storyboard;
			sourceTree = "<group>";
		};
		49228BF524B542BB00CBB1C5 /* LaunchScreen.storyboard */ = {
			isa = PBXVariantGroup;
			children = (
				49228BF624B542BB00CBB1C5 /* Base */,
			);
			name = LaunchScreen.storyboard;
			sourceTree = "<group>";
		};
/* End PBXVariantGroup section */

/* Begin XCBuildConfiguration section */
		49228BF924B542BB00CBB1C5 /* Debug */ = {
			isa = XCBuildConfiguration;
			buildSettings = {
				ALWAYS_SEARCH_USER_PATHS = NO;
				CLANG_ANALYZER_NONNULL = YES;
				CLANG_ANALYZER_NUMBER_OBJECT_CONVERSION = YES_AGGRESSIVE;
				CLANG_CXX_LANGUAGE_STANDARD = "gnu++14";
				CLANG_CXX_LIBRARY = "libc++";
				CLANG_ENABLE_MODULES = YES;
				CLANG_ENABLE_OBJC_ARC = YES;
				CLANG_ENABLE_OBJC_WEAK = YES;
				CLANG_WARN_BLOCK_CAPTURE_AUTORELEASING = YES;
				CLANG_WARN_BOOL_CONVERSION = YES;
				CLANG_WARN_COMMA = YES;
				CLANG_WARN_CONSTANT_CONVERSION = YES;
				CLANG_WARN_DEPRECATED_OBJC_IMPLEMENTATIONS = YES;
				CLANG_WARN_DIRECT_OBJC_ISA_USAGE = YES_ERROR;
				CLANG_WARN_DOCUMENTATION_COMMENTS = YES;
				CLANG_WARN_EMPTY_BODY = YES;
				CLANG_WARN_ENUM_CONVERSION = YES;
				CLANG_WARN_INFINITE_RECURSION = YES;
				CLANG_WARN_INT_CONVERSION = YES;
				CLANG_WARN_NON_LITERAL_NULL_CONVERSION = YES;
				CLANG_WARN_OBJC_IMPLICIT_RETAIN_SELF = YES;
				CLANG_WARN_OBJC_LITERAL_CONVERSION = YES;
				CLANG_WARN_OBJC_ROOT_CLASS = YES_ERROR;
				CLANG_WARN_RANGE_LOOP_ANALYSIS = YES;
				CLANG_WARN_STRICT_PROTOTYPES = YES;
				CLANG_WARN_SUSPICIOUS_MOVE = YES;
				CLANG_WARN_UNGUARDED_AVAILABILITY = YES_AGGRESSIVE;
				CLANG_WARN_UNREACHABLE_CODE = YES;
				CLANG_WARN__DUPLICATE_METHOD_MATCH = YES;
				COPY_PHASE_STRIP = NO;
				DEBUG_INFORMATION_FORMAT = dwarf;
				ENABLE_STRICT_OBJC_MSGSEND = YES;
				ENABLE_TESTABILITY = YES;
				GCC_C_LANGUAGE_STANDARD = gnu11;
				GCC_DYNAMIC_NO_PIC = NO;
				GCC_NO_COMMON_BLOCKS = YES;
				GCC_OPTIMIZATION_LEVEL = 0;
				GCC_PREPROCESSOR_DEFINITIONS = (
					"DEBUG=1",
					"$(inherited)",
				);
				GCC_WARN_64_TO_32_BIT_CONVERSION = YES;
				GCC_WARN_ABOUT_RETURN_TYPE = YES_ERROR;
				GCC_WARN_UNDECLARED_SELECTOR = YES;
				GCC_WARN_UNINITIALIZED_AUTOS = YES_AGGRESSIVE;
				GCC_WARN_UNUSED_FUNCTION = YES;
				GCC_WARN_UNUSED_VARIABLE = YES;
				IPHONEOS_DEPLOYMENT_TARGET = 13.5;
				MTL_ENABLE_DEBUG_INFO = INCLUDE_SOURCE;
				MTL_FAST_MATH = YES;
				ONLY_ACTIVE_ARCH = YES;
				SDKROOT = iphoneos;
				SWIFT_ACTIVE_COMPILATION_CONDITIONS = DEBUG;
				SWIFT_OPTIMIZATION_LEVEL = "-Onone";
			};
			name = Debug;
		};
		49228BFA24B542BB00CBB1C5 /* Release */ = {
			isa = XCBuildConfiguration;
			buildSettings = {
				ALWAYS_SEARCH_USER_PATHS = NO;
				CLANG_ANALYZER_NONNULL = YES;
				CLANG_ANALYZER_NUMBER_OBJECT_CONVERSION = YES_AGGRESSIVE;
				CLANG_CXX_LANGUAGE_STANDARD = "gnu++14";
				CLANG_CXX_LIBRARY = "libc++";
				CLANG_ENABLE_MODULES = YES;
				CLANG_ENABLE_OBJC_ARC = YES;
				CLANG_ENABLE_OBJC_WEAK = YES;
				CLANG_WARN_BLOCK_CAPTURE_AUTORELEASING = YES;
				CLANG_WARN_BOOL_CONVERSION = YES;
				CLANG_WARN_COMMA = YES;
				CLANG_WARN_CONSTANT_CONVERSION = YES;
				CLANG_WARN_DEPRECATED_OBJC_IMPLEMENTATIONS = YES;
				CLANG_WARN_DIRECT_OBJC_ISA_USAGE = YES_ERROR;
				CLANG_WARN_DOCUMENTATION_COMMENTS = YES;
				CLANG_WARN_EMPTY_BODY = YES;
				CLANG_WARN_ENUM_CONVERSION = YES;
				CLANG_WARN_INFINITE_RECURSION = YES;
				CLANG_WARN_INT_CONVERSION = YES;
				CLANG_WARN_NON_LITERAL_NULL_CONVERSION = YES;
				CLANG_WARN_OBJC_IMPLICIT_RETAIN_SELF = YES;
				CLANG_WARN_OBJC_LITERAL_CONVERSION = YES;
				CLANG_WARN_OBJC_ROOT_CLASS = YES_ERROR;
				CLANG_WARN_RANGE_LOOP_ANALYSIS = YES;
				CLANG_WARN_STRICT_PROTOTYPES = YES;
				CLANG_WARN_SUSPICIOUS_MOVE = YES;
				CLANG_WARN_UNGUARDED_AVAILABILITY = YES_AGGRESSIVE;
				CLANG_WARN_UNREACHABLE_CODE = YES;
				CLANG_WARN__DUPLICATE_METHOD_MATCH = YES;
				COPY_PHASE_STRIP = NO;
				DEBUG_INFORMATION_FORMAT = "dwarf-with-dsym";
				ENABLE_NS_ASSERTIONS = NO;
				ENABLE_STRICT_OBJC_MSGSEND = YES;
				GCC_C_LANGUAGE_STANDARD = gnu11;
				GCC_NO_COMMON_BLOCKS = YES;
				GCC_WARN_64_TO_32_BIT_CONVERSION = YES;
				GCC_WARN_ABOUT_RETURN_TYPE = YES_ERROR;
				GCC_WARN_UNDECLARED_SELECTOR = YES;
				GCC_WARN_UNINITIALIZED_AUTOS = YES_AGGRESSIVE;
				GCC_WARN_UNUSED_FUNCTION = YES;
				GCC_WARN_UNUSED_VARIABLE = YES;
				IPHONEOS_DEPLOYMENT_TARGET = 13.5;
				MTL_ENABLE_DEBUG_INFO = NO;
				MTL_FAST_MATH = YES;
				SDKROOT = iphoneos;
				SWIFT_COMPILATION_MODE = wholemodule;
				SWIFT_OPTIMIZATION_LEVEL = "-O";
				VALIDATE_PRODUCT = YES;
			};
			name = Release;
		};
		49228BFC24B542BB00CBB1C5 /* Debug */ = {
			isa = XCBuildConfiguration;
			buildSettings = {
				ASSETCATALOG_COMPILER_APPICON_NAME = AppIcon;
				CODE_SIGN_STYLE = Automatic;
				DEVELOPMENT_TEAM = JRS5C5MM38;
				INFOPLIST_FILE = Nokkuman/Info.plist;
				IPHONEOS_DEPLOYMENT_TARGET = 13.4;
				LD_RUNPATH_SEARCH_PATHS = (
					"$(inherited)",
					"@executable_path/Frameworks",
				);
				PRODUCT_BUNDLE_IDENTIFIER = com.gmail.at.mc1.18.Nokkuman;
				PRODUCT_NAME = "$(TARGET_NAME)";
				SWIFT_VERSION = 5.0;
				TARGETED_DEVICE_FAMILY = "1,2";
			};
			name = Debug;
		};
		49228BFD24B542BB00CBB1C5 /* Release */ = {
			isa = XCBuildConfiguration;
			buildSettings = {
				ASSETCATALOG_COMPILER_APPICON_NAME = AppIcon;
				CODE_SIGN_STYLE = Automatic;
				DEVELOPMENT_TEAM = JRS5C5MM38;
				INFOPLIST_FILE = Nokkuman/Info.plist;
				IPHONEOS_DEPLOYMENT_TARGET = 13.4;
				LD_RUNPATH_SEARCH_PATHS = (
					"$(inherited)",
					"@executable_path/Frameworks",
				);
				PRODUCT_BUNDLE_IDENTIFIER = com.gmail.at.mc1.18.Nokkuman;
				PRODUCT_NAME = "$(TARGET_NAME)";
				SWIFT_VERSION = 5.0;
				TARGETED_DEVICE_FAMILY = "1,2";
			};
			name = Release;
		};
/* End XCBuildConfiguration section */

/* Begin XCConfigurationList section */
		49228BDE24B542B900CBB1C5 /* Build configuration list for PBXProject "Nokkuman" */ = {
			isa = XCConfigurationList;
			buildConfigurations = (
				49228BF924B542BB00CBB1C5 /* Debug */,
				49228BFA24B542BB00CBB1C5 /* Release */,
			);
			defaultConfigurationIsVisible = 0;
			defaultConfigurationName = Release;
		};
		49228BFB24B542BB00CBB1C5 /* Build configuration list for PBXNativeTarget "Nokkuman" */ = {
			isa = XCConfigurationList;
			buildConfigurations = (
				49228BFC24B542BB00CBB1C5 /* Debug */,
				49228BFD24B542BB00CBB1C5 /* Release */,
			);
			defaultConfigurationIsVisible = 0;
			defaultConfigurationName = Release;
		};
/* End XCConfigurationList section */
	};
	rootObject = 49228BDB24B542B900CBB1C5 /* Project object */;
}
